// !$*UTF8*$!
{
	archiveVersion = 1;
	classes = {
	};
	objectVersion = 48;
	objects = {

/* Begin PBXBuildFile section */
		A57E903A1FAC8754001FBC12 /* AppDelegate.swift in Sources */ = {isa = PBXBuildFile; fileRef = A57E90391FAC8754001FBC12 /* AppDelegate.swift */; };
		A57E903C1FAC8754001FBC12 /* ViewController.swift in Sources */ = {isa = PBXBuildFile; fileRef = A57E903B1FAC8754001FBC12 /* ViewController.swift */; };
		A57E903F1FAC8754001FBC12 /* Main.storyboard in Resources */ = {isa = PBXBuildFile; fileRef = A57E903D1FAC8754001FBC12 /* Main.storyboard */; };
		A57E90411FAC8754001FBC12 /* Assets.xcassets in Resources */ = {isa = PBXBuildFile; fileRef = A57E90401FAC8754001FBC12 /* Assets.xcassets */; };
		A57E90441FAC8754001FBC12 /* LaunchScreen.storyboard in Resources */ = {isa = PBXBuildFile; fileRef = A57E90421FAC8754001FBC12 /* LaunchScreen.storyboard */; };
/* End PBXBuildFile section */

/* Begin PBXFileReference section */
		A57E90361FAC8754001FBC12 /* CIDemo2.app */ = {isa = PBXFileReference; explicitFileType = wrapper.application; includeInIndex = 0; path = CIDemo2.app; sourceTree = BUILT_PRODUCTS_DIR; };
		A57E90391FAC8754001FBC12 /* AppDelegate.swift */ = {isa = PBXFileReference; lastKnownFileType = sourcecode.swift; path = AppDelegate.swift; sourceTree = "<group>"; };
		A57E903B1FAC8754001FBC12 /* ViewController.swift */ = {isa = PBXFileReference; lastKnownFileType = sourcecode.swift; path = ViewController.swift; sourceTree = "<group>"; };
		A57E903E1FAC8754001FBC12 /* Base */ = {isa = PBXFileReference; lastKnownFileType = file.storyboard; name = Base; path = Base.lproj/Main.storyboard; sourceTree = "<group>"; };
		A57E90401FAC8754001FBC12 /* Assets.xcassets */ = {isa = PBXFileReference; lastKnownFileType = folder.assetcatalog; path = Assets.xcassets; sourceTree = "<group>"; };
		A57E90431FAC8754001FBC12 /* Base */ = {isa = PBXFileReference; lastKnownFileType = file.storyboard; name = Base; path = Base.lproj/LaunchScreen.storyboard; sourceTree = "<group>"; };
		A57E90451FAC8754001FBC12 /* Info.plist */ = {isa = PBXFileReference; lastKnownFileType = text.plist.xml; path = Info.plist; sourceTree = "<group>"; };
/* End PBXFileReference section */

/* Begin PBXFrameworksBuildPhase section */
		A57E90331FAC8754001FBC12 /* Frameworks */ = {
			isa = PBXFrameworksBuildPhase;
			buildActionMask = 2147483647;
			files = (
			);
			runOnlyForDeploymentPostprocessing = 0;
		};
/* End PBXFrameworksBuildPhase section */

/* Begin PBXGroup section */
		A57E902D1FAC8754001FBC12 = {
			isa = PBXGroup;
			children = (
				A57E90381FAC8754001FBC12 /* CIDemo2 */,
				A57E90371FAC8754001FBC12 /* Products */,
			);
			sourceTree = "<group>";
		};
		A57E90371FAC8754001FBC12 /* Products */ = {
			isa = PBXGroup;
			children = (
				A57E90361FAC8754001FBC12 /* CIDemo2.app */,
			);
			name = Products;
			sourceTree = "<group>";
		};
		A57E90381FAC8754001FBC12 /* CIDemo2 */ = {
			isa = PBXGroup;
			children = (
				A57E90391FAC8754001FBC12 /* AppDelegate.swift */,
				A57E903B1FAC8754001FBC12 /* ViewController.swift */,
				A57E903D1FAC8754001FBC12 /* Main.storyboard */,
				A57E90401FAC8754001FBC12 /* Assets.xcassets */,
				A57E90421FAC8754001FBC12 /* LaunchScreen.storyboard */,
				A57E90451FAC8754001FBC12 /* Info.plist */,
			);
			path = CIDemo2;
			sourceTree = "<group>";
		};
/* End PBXGroup section */

/* Begin PBXNativeTarget section */
		A57E90351FAC8754001FBC12 /* CIDemo2 */ = {
			isa = PBXNativeTarget;
			buildConfigurationList = A57E90481FAC8754001FBC12 /* Build configuration list for PBXNativeTarget "CIDemo2" */;
			buildPhases = (
				A57E90321FAC8754001FBC12 /* Sources */,
				A57E90331FAC8754001FBC12 /* Frameworks */,
				A57E90341FAC8754001FBC12 /* Resources */,
			);
			buildRules = (
			);
			dependencies = (
			);
			name = CIDemo2;
			productName = CIDemo2;
			productReference = A57E90361FAC8754001FBC12 /* CIDemo2.app */;
			productType = "com.apple.product-type.application";
		};
/* End PBXNativeTarget section */

/* Begin PBXProject section */
		A57E902E1FAC8754001FBC12 /* Project object */ = {
			isa = PBXProject;
			attributes = {
				LastSwiftUpdateCheck = 0900;
				LastUpgradeCheck = 0900;
				ORGANIZATIONNAME = "Landmark Group";
				TargetAttributes = {
					A57E90351FAC8754001FBC12 = {
						CreatedOnToolsVersion = 9.0;
						ProvisioningStyle = Manual;
					};
				};
			};
			buildConfigurationList = A57E90311FAC8754001FBC12 /* Build configuration list for PBXProject "CIDemo2" */;
			compatibilityVersion = "Xcode 8.0";
			developmentRegion = en;
			hasScannedForEncodings = 0;
			knownRegions = (
				en,
				Base,
			);
			mainGroup = A57E902D1FAC8754001FBC12;
			productRefGroup = A57E90371FAC8754001FBC12 /* Products */;
			projectDirPath = "";
			projectRoot = "";
			targets = (
				A57E90351FAC8754001FBC12 /* CIDemo2 */,
			);
		};
/* End PBXProject section */

/* Begin PBXResourcesBuildPhase section */
		A57E90341FAC8754001FBC12 /* Resources */ = {
			isa = PBXResourcesBuildPhase;
			buildActionMask = 2147483647;
			files = (
				A57E90441FAC8754001FBC12 /* LaunchScreen.storyboard in Resources */,
				A57E90411FAC8754001FBC12 /* Assets.xcassets in Resources */,
				A57E903F1FAC8754001FBC12 /* Main.storyboard in Resources */,
			);
			runOnlyForDeploymentPostprocessing = 0;
		};
/* End PBXResourcesBuildPhase section */

/* Begin PBXSourcesBuildPhase section */
		A57E90321FAC8754001FBC12 /* Sources */ = {
			isa = PBXSourcesBuildPhase;
			buildActionMask = 2147483647;
			files = (
				A57E903C1FAC8754001FBC12 /* ViewController.swift in Sources */,
				A57E903A1FAC8754001FBC12 /* AppDelegate.swift in Sources */,
			);
			runOnlyForDeploymentPostprocessing = 0;
		};
/* End PBXSourcesBuildPhase section */

/* Begin PBXVariantGroup section */
		A57E903D1FAC8754001FBC12 /* Main.storyboard */ = {
			isa = PBXVariantGroup;
			children = (
				A57E903E1FAC8754001FBC12 /* Base */,
			);
			name = Main.storyboard;
			sourceTree = "<group>";
		};
		A57E90421FAC8754001FBC12 /* LaunchScreen.storyboard */ = {
			isa = PBXVariantGroup;
			children = (
				A57E90431FAC8754001FBC12 /* Base */,
			);
			name = LaunchScreen.storyboard;
			sourceTree = "<group>";
		};
/* End PBXVariantGroup section */

/* Begin XCBuildConfiguration section */
		A57E90461FAC8754001FBC12 /* Debug */ = {
			isa = XCBuildConfiguration;
			buildSettings = {
				ALWAYS_SEARCH_USER_PATHS = NO;
				CLANG_ANALYZER_NONNULL = YES;
				CLANG_ANALYZER_NUMBER_OBJECT_CONVERSION = YES_AGGRESSIVE;
				CLANG_CXX_LANGUAGE_STANDARD = "gnu++14";
				CLANG_CXX_LIBRARY = "libc++";
				CLANG_ENABLE_MODULES = YES;
				CLANG_ENABLE_OBJC_ARC = YES;
				CLANG_WARN_BLOCK_CAPTURE_AUTORELEASING = YES;
				CLANG_WARN_BOOL_CONVERSION = YES;
				CLANG_WARN_COMMA = YES;
				CLANG_WARN_CONSTANT_CONVERSION = YES;
				CLANG_WARN_DIRECT_OBJC_ISA_USAGE = YES_ERROR;
				CLANG_WARN_DOCUMENTATION_COMMENTS = YES;
				CLANG_WARN_EMPTY_BODY = YES;
				CLANG_WARN_ENUM_CONVERSION = YES;
				CLANG_WARN_INFINITE_RECURSION = YES;
				CLANG_WARN_INT_CONVERSION = YES;
				CLANG_WARN_NON_LITERAL_NULL_CONVERSION = YES;
				CLANG_WARN_OBJC_LITERAL_CONVERSION = YES;
				CLANG_WARN_OBJC_ROOT_CLASS = YES_ERROR;
				CLANG_WARN_RANGE_LOOP_ANALYSIS = YES;
				CLANG_WARN_STRICT_PROTOTYPES = YES;
				CLANG_WARN_SUSPICIOUS_MOVE = YES;
				CLANG_WARN_UNGUARDED_AVAILABILITY = YES_AGGRESSIVE;
				CLANG_WARN_UNREACHABLE_CODE = YES;
				CLANG_WARN__DUPLICATE_METHOD_MATCH = YES;
				CODE_SIGN_IDENTITY = "iPhone Distribution";
				CODE_SIGN_STYLE = Manual;
				COPY_PHASE_STRIP = NO;
				DEBUG_INFORMATION_FORMAT = dwarf;
				ENABLE_STRICT_OBJC_MSGSEND = YES;
				ENABLE_TESTABILITY = YES;
				GCC_C_LANGUAGE_STANDARD = gnu11;
				GCC_DYNAMIC_NO_PIC = NO;
				GCC_NO_COMMON_BLOCKS = YES;
				GCC_OPTIMIZATION_LEVEL = 0;
				GCC_PREPROCESSOR_DEFINITIONS = (
					"DEBUG=1",
					"$(inherited)",
				);
				GCC_WARN_64_TO_32_BIT_CONVERSION = YES;
				GCC_WARN_ABOUT_RETURN_TYPE = YES_ERROR;
				GCC_WARN_UNDECLARED_SELECTOR = YES;
				GCC_WARN_UNINITIALIZED_AUTOS = YES_AGGRESSIVE;
				GCC_WARN_UNUSED_FUNCTION = YES;
				GCC_WARN_UNUSED_VARIABLE = YES;
				IPHONEOS_DEPLOYMENT_TARGET = 11.0;
				MTL_ENABLE_DEBUG_INFO = YES;
				ONLY_ACTIVE_ARCH = YES;
				PROVISIONING_PROFILE = "fe6f6510-5f0c-4776-b70c-4aa36c5a3b56";
				SDKROOT = iphoneos;
				SWIFT_ACTIVE_COMPILATION_CONDITIONS = DEBUG;
				SWIFT_OPTIMIZATION_LEVEL = "-Onone";
			};
			name = Debug;
		};
		A57E90471FAC8754001FBC12 /* Release */ = {
			isa = XCBuildConfiguration;
			buildSettings = {
				ALWAYS_SEARCH_USER_PATHS = NO;
				CLANG_ANALYZER_NONNULL = YES;
				CLANG_ANALYZER_NUMBER_OBJECT_CONVERSION = YES_AGGRESSIVE;
				CLANG_CXX_LANGUAGE_STANDARD = "gnu++14";
				CLANG_CXX_LIBRARY = "libc++";
				CLANG_ENABLE_MODULES = YES;
				CLANG_ENABLE_OBJC_ARC = YES;
				CLANG_WARN_BLOCK_CAPTURE_AUTORELEASING = YES;
				CLANG_WARN_BOOL_CONVERSION = YES;
				CLANG_WARN_COMMA = YES;
				CLANG_WARN_CONSTANT_CONVERSION = YES;
				CLANG_WARN_DIRECT_OBJC_ISA_USAGE = YES_ERROR;
				CLANG_WARN_DOCUMENTATION_COMMENTS = YES;
				CLANG_WARN_EMPTY_BODY = YES;
				CLANG_WARN_ENUM_CONVERSION = YES;
				CLANG_WARN_INFINITE_RECURSION = YES;
				CLANG_WARN_INT_CONVERSION = YES;
				CLANG_WARN_NON_LITERAL_NULL_CONVERSION = YES;
				CLANG_WARN_OBJC_LITERAL_CONVERSION = YES;
				CLANG_WARN_OBJC_ROOT_CLASS = YES_ERROR;
				CLANG_WARN_RANGE_LOOP_ANALYSIS = YES;
				CLANG_WARN_STRICT_PROTOTYPES = YES;
				CLANG_WARN_SUSPICIOUS_MOVE = YES;
				CLANG_WARN_UNGUARDED_AVAILABILITY = YES_AGGRESSIVE;
				CLANG_WARN_UNREACHABLE_CODE = YES;
				CLANG_WARN__DUPLICATE_METHOD_MATCH = YES;
				CODE_SIGN_IDENTITY = "iPhone Distribution";
				CODE_SIGN_STYLE = Manual;
				COPY_PHASE_STRIP = NO;
				DEBUG_INFORMATION_FORMAT = "dwarf-with-dsym";
				ENABLE_NS_ASSERTIONS = NO;
				ENABLE_STRICT_OBJC_MSGSEND = YES;
				GCC_C_LANGUAGE_STANDARD = gnu11;
				GCC_NO_COMMON_BLOCKS = YES;
				GCC_WARN_64_TO_32_BIT_CONVERSION = YES;
				GCC_WARN_ABOUT_RETURN_TYPE = YES_ERROR;
				GCC_WARN_UNDECLARED_SELECTOR = YES;
				GCC_WARN_UNINITIALIZED_AUTOS = YES_AGGRESSIVE;
				GCC_WARN_UNUSED_FUNCTION = YES;
				GCC_WARN_UNUSED_VARIABLE = YES;
				IPHONEOS_DEPLOYMENT_TARGET = 11.0;
				MTL_ENABLE_DEBUG_INFO = NO;
				PROVISIONING_PROFILE = "fe6f6510-5f0c-4776-b70c-4aa36c5a3b56";
				SDKROOT = iphoneos;
				SWIFT_OPTIMIZATION_LEVEL = "-Owholemodule";
				VALIDATE_PRODUCT = YES;
			};
			name = Release;
		};
		A57E90491FAC8754001FBC12 /* Debug */ = {
			isa = XCBuildConfiguration;
			buildSettings = {
				ASSETCATALOG_COMPILER_APPICON_NAME = AppIcon;
				"CODE_SIGN_IDENTITY[sdk=iphoneos*]" = "iPhone Distribution";
				CODE_SIGN_STYLE = Manual;
				DEVELOPMENT_TEAM = 55VX36XFWS;
				INFOPLIST_FILE = CIDemo2/Info.plist;
				LD_RUNPATH_SEARCH_PATHS = "$(inherited) @executable_path/Frameworks";
				PRODUCT_BUNDLE_IDENTIFIER = com.landmarkgroup.lifestyleindia;
				PRODUCT_NAME = "$(TARGET_NAME)";
				PROVISIONING_PROFILE = "fe6f6510-5f0c-4776-b70c-4aa36c5a3b56";
				PROVISIONING_PROFILE_SPECIFIER = "Lifestyle-India-Distribution";
				SWIFT_VERSION = 4.0;
				TARGETED_DEVICE_FAMILY = "1,2";
			};
			name = Debug;
		};
		A57E904A1FAC8754001FBC12 /* Release */ = {
			isa = XCBuildConfiguration;
			buildSettings = {
				ASSETCATALOG_COMPILER_APPICON_NAME = AppIcon;
				"CODE_SIGN_IDENTITY[sdk=iphoneos*]" = "iPhone Distribution";
				CODE_SIGN_STYLE = Manual;
				DEVELOPMENT_TEAM = 55VX36XFWS;
				INFOPLIST_FILE = CIDemo2/Info.plist;
				LD_RUNPATH_SEARCH_PATHS = "$(inherited) @executable_path/Frameworks";
				PRODUCT_BUNDLE_IDENTIFIER = com.landmarkgroup.lifestyleindia;
				PRODUCT_NAME = "$(TARGET_NAME)";
				PROVISIONING_PROFILE = "fe6f6510-5f0c-4776-b70c-4aa36c5a3b56";
				PROVISIONING_PROFILE_SPECIFIER = "Lifestyle-India-Distribution";
				SWIFT_VERSION = 4.0;
				TARGETED_DEVICE_FAMILY = "1,2";
			};
			name = Release;
		};
/* End XCBuildConfiguration section */

/* Begin XCConfigurationList section */
		A57E90311FAC8754001FBC12 /* Build configuration list for PBXProject "CIDemo2" */ = {
			isa = XCConfigurationList;
			buildConfigurations = (
				A57E90461FAC8754001FBC12 /* Debug */,
				A57E90471FAC8754001FBC12 /* Release */,
			);
			defaultConfigurationIsVisible = 0;
			defaultConfigurationName = Release;
		};
		A57E90481FAC8754001FBC12 /* Build configuration list for PBXNativeTarget "CIDemo2" */ = {
			isa = XCConfigurationList;
			buildConfigurations = (
				A57E90491FAC8754001FBC12 /* Debug */,
				A57E904A1FAC8754001FBC12 /* Release */,
			);
			defaultConfigurationIsVisible = 0;
			defaultConfigurationName = Release;
		};
/* End XCConfigurationList section */
	};
	rootObject = A57E902E1FAC8754001FBC12 /* Project object */;
}
